
Microsoft Visual Studio Solution File, Format Version 12.00
# Visual Studio 2013
VisualStudioVersion = 12.0.31101.0
MinimumVisualStudioVersion = 10.0.40219.1
Project("{F184B08F-C81C-45F6-A57F-5ABD9991F28F}") = "SICAIE_SYS", "SICAIE_SYS\SICAIE_SYS.vbproj", "{97131368-4347-4BF6-A744-0ED306D3C7DA}"
EndProject
Global
	GlobalSection(SolutionConfigurationPlatforms) = preSolution
		Debug|Any CPU = Debug|Any CPU
		Release|Any CPU = Release|Any CPU
	EndGlobalSection
	GlobalSection(ProjectConfigurationPlatforms) = postSolution
		{97131368-4347-4BF6-A744-0ED306D3C7DA}.Debug|Any CPU.ActiveCfg = Debug|Any CPU
		{97131368-4347-4BF6-A744-0ED306D3C7DA}.Debug|Any CPU.Build.0 = Debug|Any CPU
		{97131368-4347-4BF6-A744-0ED306D3C7DA}.Release|Any CPU.ActiveCfg = Release|Any CPU
		{97131368-4347-4BF6-A744-0ED306D3C7DA}.Release|Any CPU.Build.0 = Release|Any CPU
	EndGlobalSection
	GlobalSection(SolutionProperties) = preSolution
		HideSolutionNode = FALSE
	EndGlobalSection
EndGlobal
